
Microsoft Visual Studio Solution File, Format Version 12.00
# Visual Studio Version 17
VisualStudioVersion = 17.12.35707.178 d17.12
MinimumVisualStudioVersion = 10.0.40219.1
Project("{FAE04EC0-301F-11D3-BF4B-00C04F79EFBC}") = "AddressBookSystem", "AddressBookSystem\AddressBookSystem.csproj", "{4AE5FF03-F648-4FAD-8B57-2F236DC73B08}"
EndProject
Project("{FAE04EC0-301F-11D3-BF4B-00C04F79EFBC}") = "BusinessLayer", "BusinessLayer\BusinessLayer.csproj", "{70F3AB2D-2603-4CD5-85F4-7D7F66C435F1}"
EndProject
Project("{FAE04EC0-301F-11D3-BF4B-00C04F79EFBC}") = "RepositoryLayer", "RepositoryLayer\RepositoryLayer.csproj", "{6DDD7E8E-BB8B-4545-A8C3-AB095D735AB8}"
EndProject
Project("{FAE04EC0-301F-11D3-BF4B-00C04F79EFBC}") = "ModelLayer", "ModelLayer\ModelLayer.csproj", "{214BEDAA-8BF3-4158-991C-D9FFE2463850}"
EndProject
Global
	GlobalSection(SolutionConfigurationPlatforms) = preSolution
		Debug|Any CPU = Debug|Any CPU
		Release|Any CPU = Release|Any CPU
	EndGlobalSection
	GlobalSection(ProjectConfigurationPlatforms) = postSolution
		{4AE5FF03-F648-4FAD-8B57-2F236DC73B08}.Debug|Any CPU.ActiveCfg = Debug|Any CPU
		{4AE5FF03-F648-4FAD-8B57-2F236DC73B08}.Debug|Any CPU.Build.0 = Debug|Any CPU
		{4AE5FF03-F648-4FAD-8B57-2F236DC73B08}.Release|Any CPU.ActiveCfg = Release|Any CPU
		{4AE5FF03-F648-4FAD-8B57-2F236DC73B08}.Release|Any CPU.Build.0 = Release|Any CPU
		{70F3AB2D-2603-4CD5-85F4-7D7F66C435F1}.Debug|Any CPU.ActiveCfg = Debug|Any CPU
		{70F3AB2D-2603-4CD5-85F4-7D7F66C435F1}.Debug|Any CPU.Build.0 = Debug|Any CPU
		{70F3AB2D-2603-4CD5-85F4-7D7F66C435F1}.Release|Any CPU.ActiveCfg = Release|Any CPU
		{70F3AB2D-2603-4CD5-85F4-7D7F66C435F1}.Release|Any CPU.Build.0 = Release|Any CPU
		{6DDD7E8E-BB8B-4545-A8C3-AB095D735AB8}.Debug|Any CPU.ActiveCfg = Debug|Any CPU
		{6DDD7E8E-BB8B-4545-A8C3-AB095D735AB8}.Debug|Any CPU.Build.0 = Debug|Any CPU
		{6DDD7E8E-BB8B-4545-A8C3-AB095D735AB8}.Release|Any CPU.ActiveCfg = Release|Any CPU
		{6DDD7E8E-BB8B-4545-A8C3-AB095D735AB8}.Release|Any CPU.Build.0 = Release|Any CPU
		{214BEDAA-8BF3-4158-991C-D9FFE2463850}.Debug|Any CPU.ActiveCfg = Debug|Any CPU
		{214BEDAA-8BF3-4158-991C-D9FFE2463850}.Debug|Any CPU.Build.0 = Debug|Any CPU
		{214BEDAA-8BF3-4158-991C-D9FFE2463850}.Release|Any CPU.ActiveCfg = Release|Any CPU
		{214BEDAA-8BF3-4158-991C-D9FFE2463850}.Release|Any CPU.Build.0 = Release|Any CPU
	EndGlobalSection
	GlobalSection(SolutionProperties) = preSolution
		HideSolutionNode = FALSE
	EndGlobalSection
EndGlobal
